PODS:
  - AvoidAPPCrashDefenseSDK (1.0.0)

DEPENDENCIES:
  - AvoidAPPCrashDefenseSDK (from `../`)

EXTERNAL SOURCES:
  AvoidAPPCrashDefenseSDK:
    :path: "../"

SPEC CHECKSUMS:
  AvoidAPPCrashDefenseSDK: 3c6b939c2ac0e0d11dc93f832590208dc78d9226

PODFILE CHECKSUM: 4a7c345d93f370151f018d2f50969fdcfdd1266c

COCOAPODS: 1.10.1
